{
  "name": "@laserfiche/lf-ui-components",
  "version": "21.0.0",
  "lockfileVersion": 3,
  "requires": true,
  "packages": {
    "": {
      "name": "@laserfiche/lf-ui-components",
      "version": "21.0.0",
      "license": "MIT",
      "dependencies": {
        "tslib": "^2.8.1"
      },
      "peerDependencies": {
        "@angular/cdk": "^21.2.6",
        "@angular/common": "^21.2.8",
        "@angular/compiler": "^21.2.8",
        "@angular/core": "^21.2.8",
        "@angular/forms": "^21.2.8",
        "@angular/material": "^21.2.6",
        "@angular/platform-browser": "^21.2.8",
        "@angular/router": "^21.2.8",
        "@laserfiche/lf-api-client-core": "^1.1.19",
        "@laserfiche/lf-js-utils": "^4.0.13",
        "@laserfiche/lf-resource-library": "^5.0.3",
        "date-fns": "^4.1.0",
        "flatpickr": "^4.6.13",
        "lodash": "^4.18.1",
        "ngx-mask": "^21.0.1",
        "rxjs": "^7.8.0"
      }
    },
    "node_modules/@angular/cdk": {
      "version": "21.2.6",
      "resolved": "https://registry.npmjs.org/@angular/cdk/-/cdk-21.2.6.tgz",
      "integrity": "sha512-1PBzFf+um/VZ1dFF6cT72Zsq+9C/ZWF9m5dP0uHJgo4psX3yMBoZlZu5YomBiAQ/ePSkqCuryv1vrelK+yd3Mw==",
      "license": "MIT",
      "peer": true,
      "dependencies": {
        "parse5": "^8.0.0",
        "tslib": "^2.3.0"
      },
      "peerDependencies": {
        "@angular/common": "^21.0.0 || ^22.0.0",
        "@angular/core": "^21.0.0 || ^22.0.0",
        "@angular/platform-browser": "^21.0.0 || ^22.0.0",
        "rxjs": "^6.5.3 || ^7.4.0"
      }
    },
    "node_modules/@angular/common": {
      "version": "21.2.19",
      "resolved": "https://registry.npmjs.org/@angular/common/-/common-21.2.19.tgz",
      "integrity": "sha512-Rvo/VXI0kUmfQT7+OeAjv526OJlf/WrLnJq1Tz84Jkyv9bs9SOMTCT6m4+boo8gxVNdrcxvGU3Q0o2jZzKceSg==",
      "license": "MIT",
      "peer": true,
      "dependencies": {
        "tslib": "^2.3.0"
      },
      "engines": {
        "node": "^20.19.0 || ^22.12.0 || >=24.0.0"
      },
      "peerDependencies": {
        "@angular/core": "21.2.19",
        "rxjs": "^6.5.3 || ^7.4.0"
      }
    },
    "node_modules/@angular/compiler": {
      "version": "21.2.19",
      "resolved": "https://registry.npmjs.org/@angular/compiler/-/compiler-21.2.19.tgz",
      "integrity": "sha512-vuF5i1t14ftJiHXVVLgDYLWkT99QuajphcUHy1VZaMX3FiqSGXRV62g+R2RMxL0OJ5C1ai8xTHKPx9n1lQFyFg==",
      "license": "MIT",
      "peer": true,
      "dependencies": {
        "tslib": "^2.3.0"
      },
      "engines": {
        "node": "^20.19.0 || ^22.12.0 || >=24.0.0"
      }
    },
    "node_modules/@angular/core": {
      "version": "21.2.19",
      "resolved": "https://registry.npmjs.org/@angular/core/-/core-21.2.19.tgz",
      "integrity": "sha512-PVoXD1kBexOJLkFzKx2zBY/0oZJXGru0eGn2hu0q5n3vkZlYsR1yRolfGenK1gZE48Qibiw/ttg/X/pAIPEZGg==",
      "license": "MIT",
      "peer": true,
      "dependencies": {
        "tslib": "^2.3.0"
      },
      "engines": {
        "node": "^20.19.0 || ^22.12.0 || >=24.0.0"
      },
      "peerDependencies": {
        "@angular/compiler": "21.2.19",
        "rxjs": "^6.5.3 || ^7.4.0",
        "zone.js": "~0.15.0 || ~0.16.0"
      },
      "peerDependenciesMeta": {
        "@angular/compiler": {
          "optional": true
        },
        "zone.js": {
          "optional": true
        }
      }
    },
    "node_modules/@angular/forms": {
      "version": "21.2.19",
      "resolved": "https://registry.npmjs.org/@angular/forms/-/forms-21.2.19.tgz",
      "integrity": "sha512-tEw8cz2UU6VSB+ReJN86k87nRdLRXGi+8SZhoRl2dFu2iReIO3S6kJAVTH7Y9kdrokqTPhWG+KNEzWgqhdjXOg==",
      "license": "MIT",
      "peer": true,
      "dependencies": {
        "@standard-schema/spec": "^1.0.0",
        "tslib": "^2.3.0"
      },
      "engines": {
        "node": "^20.19.0 || ^22.12.0 || >=24.0.0"
      },
      "peerDependencies": {
        "@angular/common": "21.2.19",
        "@angular/core": "21.2.19",
        "@angular/platform-browser": "21.2.19",
        "rxjs": "^6.5.3 || ^7.4.0"
      }
    },
    "node_modules/@angular/material": {
      "version": "21.2.6",
      "resolved": "https://registry.npmjs.org/@angular/material/-/material-21.2.6.tgz",
      "integrity": "sha512-V4hblb5ekgXb5x+UXKRs2yiB0hZUkUJbYwGseMglkCeWQlLM4u6amlsUzP4uOwIWFOkM/ZYl9qz4YGZnvMAyjw==",
      "license": "MIT",
      "peer": true,
      "dependencies": {
        "tslib": "^2.3.0"
      },
      "peerDependencies": {
        "@angular/cdk": "21.2.6",
        "@angular/common": "^21.0.0 || ^22.0.0",
        "@angular/core": "^21.0.0 || ^22.0.0",
        "@angular/forms": "^21.0.0 || ^22.0.0",
        "@angular/platform-browser": "^21.0.0 || ^22.0.0",
        "rxjs": "^6.5.3 || ^7.4.0"
      }
    },
    "node_modules/@angular/platform-browser": {
      "version": "21.2.19",
      "resolved": "https://registry.npmjs.org/@angular/platform-browser/-/platform-browser-21.2.19.tgz",
      "integrity": "sha512-YMguYVhdkV8tr9MvbN+VpMjbdmsYq6g12M9WPvAYM51BkL2iREbWeoXDGmfCw9G0it6+0pMdgrSPFFUFuOqpAQ==",
      "license": "MIT",
      "peer": true,
      "dependencies": {
        "tslib": "^2.3.0"
      },
      "engines": {
        "node": "^20.19.0 || ^22.12.0 || >=24.0.0"
      },
      "peerDependencies": {
        "@angular/animations": "21.2.19",
        "@angular/common": "21.2.19",
        "@angular/core": "21.2.19"
      },
      "peerDependenciesMeta": {
        "@angular/animations": {
          "optional": true
        }
      }
    },
    "node_modules/@angular/router": {
      "version": "21.2.19",
      "resolved": "https://registry.npmjs.org/@angular/router/-/router-21.2.19.tgz",
      "integrity": "sha512-cKO/aq1xEMvgS29jFUc/Y3KsgEzHnwOw6sEL+UQZkZTmGD5YrYv8Yvj05GDMEUYbvDxBd5DixVVEbH38lyQKqA==",
      "license": "MIT",
      "peer": true,
      "dependencies": {
        "tslib": "^2.3.0"
      },
      "engines": {
        "node": "^20.19.0 || ^22.12.0 || >=24.0.0"
      },
      "peerDependencies": {
        "@angular/common": "21.2.19",
        "@angular/core": "21.2.19",
        "@angular/platform-browser": "21.2.19",
        "rxjs": "^6.5.3 || ^7.4.0"
      }
    },
    "node_modules/@laserfiche/lf-api-client-core": {
      "version": "1.1.19",
      "resolved": "https://registry.npmjs.org/@laserfiche/lf-api-client-core/-/lf-api-client-core-1.1.19.tgz",
      "integrity": "sha512-qJw9mUfx7lakxp0f7r55g2Sa6wCUpfsapU5VhEHuoaokWp4uKsIU3Z5ZSYvqtO/qX2EVnOUDbePofYX8ncbR3g==",
      "license": "MIT",
      "peer": true,
      "dependencies": {
        "@laserfiche/lf-js-utils": "^4.0.13",
        "jsrsasign": "^11.0.0",
        "jsrsasign-util": "^1.0.5"
      }
    },
    "node_modules/@laserfiche/lf-js-utils": {
      "version": "4.0.13",
      "resolved": "https://registry.npmjs.org/@laserfiche/lf-js-utils/-/lf-js-utils-4.0.13.tgz",
      "integrity": "sha512-KyzuM4seHH6dcWm6q1dhl8udQBUGqB6QfaH5TU1fz8qaH9PMwpoeMrrNK+EzT7YMthFSOu7wQbbCQJPWeVXbjg==",
      "license": "MIT",
      "peer": true
    },
    "node_modules/@laserfiche/lf-resource-library": {
      "version": "5.0.3",
      "resolved": "https://registry.npmjs.org/@laserfiche/lf-resource-library/-/lf-resource-library-5.0.3.tgz",
      "integrity": "sha512-uSzcJ0XEfDT5vbnbgPmlv8ym5o3Jg/pTA1yLL72qOf3xXvhuQWQunMvm5H7Gd7StQVPie2draPlNwke5+/h1pw==",
      "license": "MIT",
      "peer": true
    },
    "node_modules/@standard-schema/spec": {
      "version": "1.1.0",
      "resolved": "https://registry.npmjs.org/@standard-schema/spec/-/spec-1.1.0.tgz",
      "integrity": "sha512-l2aFy5jALhniG5HgqrD6jXLi/rUWrKvqN/qJx6yoJsgKhblVd+iqqU4RCXavm/jPityDo5TCvKMnpjKnOriy0w==",
      "license": "MIT",
      "peer": true
    },
    "node_modules/date-fns": {
      "version": "4.1.0",
      "resolved": "https://registry.npmjs.org/date-fns/-/date-fns-4.1.0.tgz",
      "integrity": "sha512-Ukq0owbQXxa/U3EGtsdVBkR1w7KOQ5gIBqdH2hkvknzZPYvBxb/aa6E8L7tmjFtkwZBu3UXBbjIgPo/Ez4xaNg==",
      "license": "MIT",
      "peer": true,
      "funding": {
        "type": "github",
        "url": "https://github.com/sponsors/kossnocorp"
      }
    },
    "node_modules/entities": {
      "version": "6.0.1",
      "resolved": "https://registry.npmjs.org/entities/-/entities-6.0.1.tgz",
      "integrity": "sha512-aN97NXWF6AWBTahfVOIrB/NShkzi5H7F9r1s9mD3cDj4Ko5f2qhhVoYMibXF7GlLveb/D2ioWay8lxI97Ven3g==",
      "license": "BSD-2-Clause",
      "peer": true,
      "engines": {
        "node": ">=0.12"
      },
      "funding": {
        "url": "https://github.com/fb55/entities?sponsor=1"
      }
    },
    "node_modules/flatpickr": {
      "version": "4.6.13",
      "resolved": "https://registry.npmjs.org/flatpickr/-/flatpickr-4.6.13.tgz",
      "integrity": "sha512-97PMG/aywoYpB4IvbvUJi0RQi8vearvU0oov1WW3k0WZPBMrTQVqekSX5CjSG/M4Q3i6A/0FKXC7RyAoAUUSPw==",
      "license": "MIT",
      "peer": true
    },
    "node_modules/jsonc-parser": {
      "version": "3.3.1",
      "resolved": "https://registry.npmjs.org/jsonc-parser/-/jsonc-parser-3.3.1.tgz",
      "integrity": "sha512-HUgH65KyejrUFPvHFPbqOY0rsFip3Bo5wb4ngvdi1EpCYWUQDC5V+Y7mZws+DLkr4M//zQJoanu1SP+87Dv1oQ==",
      "license": "MIT",
      "peer": true
    },
    "node_modules/jsrsasign": {
      "version": "11.1.3",
      "resolved": "https://registry.npmjs.org/jsrsasign/-/jsrsasign-11.1.3.tgz",
      "integrity": "sha512-nPnK5D/4lv0Dwr7TlzrKtAd8JlLZwFTqTUUB3NQCbtdobcRcohGFxjbPySDVh74iWUudcCsapYT6OxoyhJLhhA==",
      "license": "MIT",
      "peer": true
    },
    "node_modules/jsrsasign-util": {
      "version": "1.0.5",
      "resolved": "https://registry.npmjs.org/jsrsasign-util/-/jsrsasign-util-1.0.5.tgz",
      "integrity": "sha512-e5Kp8aaT5GH2c5X8j4uaJruYmT4GcnaGb47nw8m60YqPywtnOtTISZ9hZgtZ3a+jh7B27bU2LCf3Y32wZyfhtQ==",
      "peer": true,
      "dependencies": {
        "jsonc-parser": ">= 0.0.1",
        "jsrsasign": ">= 4.8.2"
      }
    },
    "node_modules/lodash": {
      "version": "4.18.1",
      "resolved": "https://registry.npmjs.org/lodash/-/lodash-4.18.1.tgz",
      "integrity": "sha512-dMInicTPVE8d1e5otfwmmjlxkZoUpiVLwyeTdUsi/Caj/gfzzblBcCE5sRHV/AsjuCmxWrte2TNGSYuCeCq+0Q==",
      "license": "MIT",
      "peer": true
    },
    "node_modules/ngx-mask": {
      "version": "21.1.0",
      "resolved": "https://registry.npmjs.org/ngx-mask/-/ngx-mask-21.1.0.tgz",
      "integrity": "sha512-pqmdciSu4aza1EU0oUxGuFOYwTbyJz4wAqKEV73LPyWw4Sy8QeqqCG0fQF7VQ9pzQUr7esHGItuoUFwgsoWQDw==",
      "license": "MIT",
      "peer": true,
      "dependencies": {
        "tslib": "^2.3.0"
      },
      "peerDependencies": {
        "@angular/common": "^21.0.0",
        "@angular/core": "^21.0.0",
        "@angular/forms": "^21.0.0"
      }
    },
    "node_modules/parse5": {
      "version": "8.0.0",
      "resolved": "https://registry.npmjs.org/parse5/-/parse5-8.0.0.tgz",
      "integrity": "sha512-9m4m5GSgXjL4AjumKzq1Fgfp3Z8rsvjRNbnkVwfu2ImRqE5D0LnY2QfDen18FSY9C573YU5XxSapdHZTZ2WolA==",
      "license": "MIT",
      "peer": true,
      "dependencies": {
        "entities": "^6.0.0"
      },
      "funding": {
        "url": "https://github.com/inikulin/parse5?sponsor=1"
      }
    },
    "node_modules/rxjs": {
      "version": "7.8.2",
      "resolved": "https://registry.npmjs.org/rxjs/-/rxjs-7.8.2.tgz",
      "integrity": "sha512-dhKf903U/PQZY6boNNtAGdWbG85WAbjT/1xYoZIC7FAY0yWapOBQVsVrDl58W86//e1VpMNBtRV4MaXfdMySFA==",
      "license": "Apache-2.0",
      "peer": true,
      "dependencies": {
        "tslib": "^2.1.0"
      }
    },
    "node_modules/tslib": {
      "version": "2.8.1",
      "resolved": "https://registry.npmjs.org/tslib/-/tslib-2.8.1.tgz",
      "integrity": "sha512-oJFu94HQb+KVduSUQL7wnpmqnfmLsOA/nAh6b6EH0wCEoK0/mPeXU6c3wKDV83MkOuHPRHtSXKKU99IBazS/2w==",
      "license": "0BSD"
    }
  }
}
